
Microsoft Visual Studio Solution File, Format Version 12.00
# Visual Studio Version 17
VisualStudioVersion = 17.9.34701.34
MinimumVisualStudioVersion = 10.0.40219.1
Project("{9A19103F-16F7-4668-BE54-9A1E7A4F7556}") = "RepasoCondicionales", "RepasoCondicionales\RepasoCondicionales.csproj", "{2EDD8D5C-2DE2-4AB6-B0D4-0086EF8C39F0}"
EndProject
Project("{9A19103F-16F7-4668-BE54-9A1E7A4F7556}") = "Ejercicio_03", "Ejercicio_03\Ejercicio_03.csproj", "{24AEFDA8-BF41-4F6B-A4F6-759F21537B6C}"
EndProject
Project("{9A19103F-16F7-4668-BE54-9A1E7A4F7556}") = "Ejercicio_04", "Ejercicio_04\Ejercicio_04.csproj", "{F5BB3933-B745-4DCB-91D8-1F1BE35E1BAE}"
EndProject
Project("{9A19103F-16F7-4668-BE54-9A1E7A4F7556}") = "Ejercicio_05", "Ejercicio_05\Ejercicio_05.csproj", "{B5182E58-208F-4D75-9BD5-123F039C0B7B}"
EndProject
Project("{9A19103F-16F7-4668-BE54-9A1E7A4F7556}") = "Ejercicio_07_Repetitivas", "Ejercicio_07_Repetitivas\Ejercicio_07_Repetitivas.csproj", "{CAEB0A02-B895-49B3-8B0A-6B81E3C39E2C}"
EndProject
Project("{9A19103F-16F7-4668-BE54-9A1E7A4F7556}") = "Ejercicio_01", "Ejercicio_01\Ejercicio_01.csproj", "{C9505E19-258C-4F50-B99D-BA1F7F6F0D3E}"
EndProject
Project("{9A19103F-16F7-4668-BE54-9A1E7A4F7556}") = "Ejercicio_02", "Ejercicio_02\Ejercicio_02.csproj", "{22EAC366-E4A6-4223-8EC4-2259C6F20D1A}"
EndProject
Project("{9A19103F-16F7-4668-BE54-9A1E7A4F7556}") = "Repaso_bucles_Repetitivos", "Repaso_bucles_Repetitivos\Repaso_bucles_Repetitivos.csproj", "{52269AC8-3ECB-469F-A22F-6A2CD73CAC67}"
EndProject
Project("{9A19103F-16F7-4668-BE54-9A1E7A4F7556}") = "Primera_Clase", "Primera_Clase\Primera_Clase.csproj", "{B3C3F18D-B124-4D24-A553-D96BE56F2B2B}"
EndProject
Project("{9A19103F-16F7-4668-BE54-9A1E7A4F7556}") = "Ejercicio_03_2da_Forma", "Ejercicio_03_2da_Forma\Ejercicio_03_2da_Forma.csproj", "{8A379018-F05F-4FCD-8D86-8889DC5C371E}"
EndProject
Project("{9A19103F-16F7-4668-BE54-9A1E7A4F7556}") = "Ejercicio_04_2da_forma", "Ejercicio_04_2da_forma\Ejercicio_04_2da_forma.csproj", "{D48EA7C6-2D2D-4E63-9E30-3BF9E76AA61A}"
EndProject
Project("{9A19103F-16F7-4668-BE54-9A1E7A4F7556}") = "Ejercicio_05_2da_Forma", "Ejercicio_05_2da_Forma\Ejercicio_05_2da_Forma.csproj", "{69FB59FC-3444-4E69-BF27-60A85227690B}"
EndProject
Project("{9A19103F-16F7-4668-BE54-9A1E7A4F7556}") = "Ejercicio_06_Lamparas_Switch", "Ejercicio_06_Lamparas_Switch\Ejercicio_06_Lamparas_Switch.csproj", "{4A6D5298-D5DB-420B-BC4E-AE3E1CBC346E}"
EndProject
Project("{9A19103F-16F7-4668-BE54-9A1E7A4F7556}") = "Ejercicio_06_Lamparas_If_Else", "Ejercicio_06_Lamparas_If_Else\Ejercicio_06_Lamparas_If_Else.csproj", "{5DBEDE8D-9E7D-4A59-81CB-7828B05B05D3}"
EndProject
Project("{9A19103F-16F7-4668-BE54-9A1E7A4F7556}") = "Ejercicio_04_BucleFor", "Ejercicio_04_BucleFor\Ejercicio_04_BucleFor.csproj", "{2A5C7D1B-C3E1-49A9-BE4E-96C991A21F4A}"
EndProject
Project("{9A19103F-16F7-4668-BE54-9A1E7A4F7556}") = "Ejemplo_Switch", "Ejemplo_Switch\Ejemplo_Switch.csproj", "{BADDD6C7-560B-4AEA-A477-DF798A5C733E}"
EndProject
Project("{9A19103F-16F7-4668-BE54-9A1E7A4F7556}") = "Ejemplo_Arrays", "Ejemplo_Arrays\Ejemplo_Arrays.csproj", "{4943768C-3FC8-4E3A-913F-1B627358F5CD}"
EndProject
Project("{9A19103F-16F7-4668-BE54-9A1E7A4F7556}") = "Ejemplo_Bucles", "Ejemplo_Bucles\Ejemplo_Bucles.csproj", "{76DE4846-F6E4-4C6F-A201-79728A91359A}"
EndProject
Project("{9A19103F-16F7-4668-BE54-9A1E7A4F7556}") = "Ejercicio_07_2da_Forma", "Ejercicio_07_2da_Forma\Ejercicio_07_2da_Forma.csproj", "{E4A4177D-BEB3-4908-90A2-34B6DE3669D6}"
EndProject
Project("{9A19103F-16F7-4668-BE54-9A1E7A4F7556}") = "Ejemplo_2", "Ejemplo_2\Ejemplo_2.csproj", "{6244C785-91FF-4327-9DB8-4EA11C8BB918}"
EndProject
Project("{9A19103F-16F7-4668-BE54-9A1E7A4F7556}") = "Ejemplo_Arrays_2", "Ejemplo_Arrays_2\Ejemplo_Arrays_2.csproj", "{D8C5F816-3064-467E-BA53-642949243151}"
EndProject
Project("{9A19103F-16F7-4668-BE54-9A1E7A4F7556}") = "Arrays_Clase_27_03", "Arrays_Clase_27_03\Arrays_Clase_27_03.csproj", "{94FC2471-1CE4-4E3B-95A2-0127AD92CC97}"
EndProject
Project("{9A19103F-16F7-4668-BE54-9A1E7A4F7556}") = "Arrays_De_Char", "Arrays_De_Char\Arrays_De_Char.csproj", "{B74C2F4B-8316-46B4-BE81-25F59730971A}"
EndProject
Project("{9A19103F-16F7-4668-BE54-9A1E7A4F7556}") = "Ejercicio_04_BucleFor_2", "Ejercicio_04_BucleFor_2\Ejercicio_04_BucleFor_2.csproj", "{E0B4CF27-44D5-4458-967A-9925F1B1B7B5}"
EndProject
Project("{9A19103F-16F7-4668-BE54-9A1E7A4F7556}") = "String_Ejercicio_01", "String_Ejercicio_01\String_Ejercicio_01.csproj", "{D44257D3-66C4-4374-BE2C-A091F49137A2}"
EndProject
Project("{9A19103F-16F7-4668-BE54-9A1E7A4F7556}") = "String_Ejercicio_02", "String_Ejercicio_02\String_Ejercicio_02.csproj", "{5A3CF2DB-181E-4573-A67C-AFDCBB90B5ED}"
EndProject
Project("{9A19103F-16F7-4668-BE54-9A1E7A4F7556}") = "String_Ejercicio_03", "String_Ejercicio_03\String_Ejercicio_03.csproj", "{91BD9F10-A007-4902-85C5-276309B23A24}"
EndProject
Project("{9A19103F-16F7-4668-BE54-9A1E7A4F7556}") = "String_Ejercicio_04", "String_Ejercicio_04\String_Ejercicio_04.csproj", "{73B76BB2-982E-4AE0-B910-249DD5AF7AD5}"
EndProject
Project("{9A19103F-16F7-4668-BE54-9A1E7A4F7556}") = "Strings_Ejercicio_01", "Strings_Ejercicio_01\Strings_Ejercicio_01.csproj", "{D5C53922-B8D8-4B25-9466-792D7FB2688F}"
EndProject
Project("{9A19103F-16F7-4668-BE54-9A1E7A4F7556}") = "Strings_Ejercicio_02", "Strings_Ejercicio_02\Strings_Ejercicio_02.csproj", "{B41E5CDA-A272-471F-AE21-E2479DA025EB}"
EndProject
Project("{9A19103F-16F7-4668-BE54-9A1E7A4F7556}") = "Strings_Ejercicio_01_OtraForma", "Strings_Ejercicio_01_OtraForma\Strings_Ejercicio_01_OtraForma.csproj", "{DDD28A94-B16B-49B4-84CA-85DAEC326744}"
EndProject
Project("{9A19103F-16F7-4668-BE54-9A1E7A4F7556}") = "Strings_Ejercicio_05", "Strings_Ejercicio_05\Strings_Ejercicio_05.csproj", "{43E6F4F9-5152-4E48-AF94-20B08BEC6D43}"
EndProject
Project("{9A19103F-16F7-4668-BE54-9A1E7A4F7556}") = "Strings_Ejercicio_02_OtraForma", "Strings_Ejercicio_02_OtraForma\Strings_Ejercicio_02_OtraForma.csproj", "{A4748143-3EE2-4ACB-90ED-10B0F4E117B4}"
EndProject
Project("{9A19103F-16F7-4668-BE54-9A1E7A4F7556}") = "Strings_Ejercicio_03_OtraForma", "Strings_Ejercicio_03_OtraForma\Strings_Ejercicio_03_OtraForma.csproj", "{4B19B1C6-2768-47C0-AD1F-D878381EF6CB}"
EndProject
Project("{9A19103F-16F7-4668-BE54-9A1E7A4F7556}") = "Ejercicio_08_SWITCH", "Ejercicio_08_SWITCH\Ejercicio_08_SWITCH.csproj", "{9E9BA63F-697C-4D26-9CD2-D233A95897E7}"
EndProject
Project("{9A19103F-16F7-4668-BE54-9A1E7A4F7556}") = "Clase_Funciones_Metodos", "Clase_Funciones_Metodos\Clase_Funciones_Metodos.csproj", "{2BB99D24-18C4-4AC6-A7D0-F435B13937F6}"
EndProject
Project("{9A19103F-16F7-4668-BE54-9A1E7A4F7556}") = "PrimeraClase", "PrimeraClase\PrimeraClase.csproj", "{46FEEB29-B599-4797-ABB6-06114F8D2B73}"
EndProject
Project("{9A19103F-16F7-4668-BE54-9A1E7A4F7556}") = "Funciones_Ejercicio_01", "Funciones_Ejercicio_01\Funciones_Ejercicio_01.csproj", "{721D29D0-67F7-4A2D-933F-1672BB0D232D}"
EndProject
Project("{9A19103F-16F7-4668-BE54-9A1E7A4F7556}") = "Clase_Arrays", "Clase_Arrays\Clase_Arrays.csproj", "{BF7334A7-3500-47A8-B180-DEDD150772C2}"
EndProject
Project("{9A19103F-16F7-4668-BE54-9A1E7A4F7556}") = "Clase_Funcion__Metodo", "Clase_Funcion__Metodo\Clase_Funcion__Metodo.csproj", "{B3948DA5-3733-43EC-83F0-BD2D05AC28C3}"
EndProject
Project("{9A19103F-16F7-4668-BE54-9A1E7A4F7556}") = "Funciones_Ejercicio_02", "Funciones_Ejercicio_02\Funciones_Ejercicio_02.csproj", "{15597D91-3E40-4EF4-AF71-E2A165A8A71E}"
EndProject
Project("{9A19103F-16F7-4668-BE54-9A1E7A4F7556}") = "Vectores_Ejercicio_01_Con_FUNCIONES", "Vectores_Ejercicio_01_Con_FUNCIONES\Vectores_Ejercicio_01_Con_FUNCIONES.csproj", "{77503158-E243-4BA4-BC10-A5108FB1AB97}"
EndProject
Project("{9A19103F-16F7-4668-BE54-9A1E7A4F7556}") = "Vectores_Ejercicio_02_Con_FUNCIONES", "Vectores_Ejercicio_02_Con_FUNCIONES\Vectores_Ejercicio_02_Con_FUNCIONES.csproj", "{CE8ED755-C583-4DEB-8781-685040B44773}"
EndProject
Project("{9A19103F-16F7-4668-BE54-9A1E7A4F7556}") = "Vectores_Ejercicio_03_Con_FUNCIONES", "Vectores_Ejercicio_03_Con_FUNCIONES\Vectores_Ejercicio_03_Con_FUNCIONES.csproj", "{AB8F4267-63B3-4391-BE09-DDE71B457819}"
EndProject
Project("{9A19103F-16F7-4668-BE54-9A1E7A4F7556}") = "Funciones_Ejercicio_03", "Funciones_Ejercicio_03\Funciones_Ejercicio_03.csproj", "{DE01D552-8371-4410-9BC4-37195599842C}"
EndProject
Project("{9A19103F-16F7-4668-BE54-9A1E7A4F7556}") = "Vectores_Ejercicio_01", "Vectores_Ejercicio_01\Vectores_Ejercicio_01.csproj", "{E57B74AE-095C-4CE4-8DEA-BF62852F9393}"
EndProject
Project("{9A19103F-16F7-4668-BE54-9A1E7A4F7556}") = "Vectores_Ejercicio_02", "Vectores_Ejercicio_02\Vectores_Ejercicio_02.csproj", "{FF182268-E055-4CB3-820C-013ED5FDC16A}"
EndProject
Project("{9A19103F-16F7-4668-BE54-9A1E7A4F7556}") = "Vectores_Ejercicio_03", "Vectores_Ejercicio_03\Vectores_Ejercicio_03.csproj", "{54537B2B-431C-462B-9699-F0A8A3D05AC3}"
EndProject
Project("{9A19103F-16F7-4668-BE54-9A1E7A4F7556}") = "Vectores_Ejercicio_04", "Vectores_Ejercicio_04\Vectores_Ejercicio_04.csproj", "{0F7EF2E6-6D3F-47B7-805D-16D1BED7667C}"
EndProject
Project("{9A19103F-16F7-4668-BE54-9A1E7A4F7556}") = "Vectores_Ejercicio_05", "Vectores_Ejercicio_05\Vectores_Ejercicio_05.csproj", "{932CCEC7-D861-40B5-BC95-A9F16F86DE10}"
EndProject
Project("{9A19103F-16F7-4668-BE54-9A1E7A4F7556}") = "Vectores_Ejercicio_06", "Vectores_Ejercicio_06\Vectores_Ejercicio_06.csproj", "{2D853523-A0E5-43C0-A71F-6AEC50F15F7D}"
EndProject
Project("{9A19103F-16F7-4668-BE54-9A1E7A4F7556}") = "Vectores_Ejercicio_07", "Vectores_Ejercicio_07\Vectores_Ejercicio_07.csproj", "{A3F5BAF2-004F-4313-A0BD-88ED546B9BA2}"
EndProject
Project("{9A19103F-16F7-4668-BE54-9A1E7A4F7556}") = "ArrayConFuncion_Ejercicio_02", "ArrayConFuncion_Ejercicio_02\ArrayConFuncion_Ejercicio_02.csproj", "{276C883D-AD21-4C1A-BDB7-92BD309FBF71}"
EndProject
Project("{9A19103F-16F7-4668-BE54-9A1E7A4F7556}") = "ArrayConFuncion_Ejercicio_03", "ArrayConFuncion_Ejercicio_03\ArrayConFuncion_Ejercicio_03.csproj", "{9DC13AB8-3D22-4E4A-9216-0288240C2662}"
EndProject
Project("{9A19103F-16F7-4668-BE54-9A1E7A4F7556}") = "ArrayConFuncion_Ejercicio_04", "ArrayConFuncion_Ejercicio_04\ArrayConFuncion_Ejercicio_04.csproj", "{378817A7-D44C-4394-B034-42CB24E3016C}"
EndProject
Project("{9A19103F-16F7-4668-BE54-9A1E7A4F7556}") = "ArrayConFuncion_Ejercicio_01", "ArrayConFuncion_Ejercicio_01\ArrayConFuncion_Ejercicio_01.csproj", "{DEEE5E35-5FC7-4218-BFD4-EC7A51E3C967}"
EndProject
Project("{9A19103F-16F7-4668-BE54-9A1E7A4F7556}") = "Arrays", "Arrays\Arrays.csproj", "{73B24CF0-8770-434E-AD19-3A167ABDE259}"
EndProject
Project("{9A19103F-16F7-4668-BE54-9A1E7A4F7556}") = "RepasoSwitch", "RepasoSwitch\RepasoSwitch.csproj", "{214B82D8-5AA2-42C2-818A-9CE1A7E3E34D}"
EndProject
Project("{9A19103F-16F7-4668-BE54-9A1E7A4F7556}") = "Bucles_Repaso", "Bucles_Repaso\Bucles_Repaso.csproj", "{6DC1BE31-7560-409B-BEE2-F8CD6F01665E}"
EndProject
Project("{9A19103F-16F7-4668-BE54-9A1E7A4F7556}") = "Automoviles", "Automoviles\Automoviles.csproj", "{B1A18578-F8A8-4004-A48D-9169E30D3430}"
EndProject
Project("{9A19103F-16F7-4668-BE54-9A1E7A4F7556}") = "CondicionalesRepaso", "CondicionalesRepaso\CondicionalesRepaso.csproj", "{AC298EE3-9F0E-428F-ABFD-935AB84D6DCE}"
EndProject
Project("{9A19103F-16F7-4668-BE54-9A1E7A4F7556}") = "LibreriaDeFunciones", "LibreriaDeFunciones\LibreriaDeFunciones.csproj", "{CC6328F8-DBD2-4981-807F-0724D9169F7C}"
EndProject
Project("{9A19103F-16F7-4668-BE54-9A1E7A4F7556}") = "LibreriaDePersonas", "LibreriaDePersonas\LibreriaDePersonas.csproj", "{63E28669-F6BF-4619-9B58-DB7BD783324A}"
EndProject
Project("{9A19103F-16F7-4668-BE54-9A1E7A4F7556}") = "LibreriaDeRobots", "LibreriaDeRobots\LibreriaDeRobots.csproj", "{1EA7AC20-9986-45F7-A02F-F1A883FB5860}"
EndProject
Project("{9A19103F-16F7-4668-BE54-9A1E7A4F7556}") = "Funciones", "Funciones\Funciones.csproj", "{5432405C-922E-48E2-B621-806945A0763D}"
EndProject
Project("{9A19103F-16F7-4668-BE54-9A1E7A4F7556}") = "FuncionesConVectores", "FuncionesConVectores\FuncionesConVectores.csproj", "{BFF7E8AE-2F38-465D-B102-7776C8BBBB8B}"
EndProject
Project("{9A19103F-16F7-4668-BE54-9A1E7A4F7556}") = "OtrasFuncionesConArrays", "OtrasFuncionesConArrays\OtrasFuncionesConArrays.csproj", "{350BD211-6B94-4D5D-97DF-91AE491C655A}"
EndProject
Project("{9A19103F-16F7-4668-BE54-9A1E7A4F7556}") = "TrabajandoConArrays", "TrabajandoConArrays\TrabajandoConArrays.csproj", "{32B5302C-0679-4531-85E8-5D7560865A17}"
EndProject
Project("{9A19103F-16F7-4668-BE54-9A1E7A4F7556}") = "TesteoClaseAuto", "TesteoClaseAuto\TesteoClaseAuto.csproj", "{3D5BDE51-B0C4-4491-A03C-BC45390E2F97}"
EndProject
Project("{9A19103F-16F7-4668-BE54-9A1E7A4F7556}") = "TesteoEmpleados", "TesteoEmpleados\TesteoEmpleados.csproj", "{A710294A-6B17-49DA-9069-16B34590FA51}"
EndProject
Project("{9A19103F-16F7-4668-BE54-9A1E7A4F7556}") = "TesteoDeRobots", "TesteoDeRobots\TesteoDeRobots.csproj", "{81BAD0D1-14E3-4B8F-B50D-DC57BAD3CFB5}"
EndProject
Project("{FAE04EC0-301F-11D3-BF4B-00C04F79EFBC}") = "FuncionesEjercicio02", "FuncionesEjercicio02\FuncionesEjercicio02.csproj", "{1D1F91EA-2405-46B0-A451-85104C8C561E}"
EndProject
Project("{FAE04EC0-301F-11D3-BF4B-00C04F79EFBC}") = "RepasoCondicionalesComplemento", "RepasoCondicionalesComplemento\RepasoCondicionalesComplemento.csproj", "{2A09842F-5CE4-46E9-9633-34B676E62A1E}"
EndProject
Project("{FAE04EC0-301F-11D3-BF4B-00C04F79EFBC}") = "StringsEjercicio03", "StringsEjercicio03\StringsEjercicio03.csproj", "{5513ED2A-D125-4CA6-B37B-EB4C51BBFC8B}"
EndProject
Global
	GlobalSection(SolutionConfigurationPlatforms) = preSolution
		Debug|Any CPU = Debug|Any CPU
		Release|Any CPU = Release|Any CPU
	EndGlobalSection
	GlobalSection(ProjectConfigurationPlatforms) = postSolution
		{2EDD8D5C-2DE2-4AB6-B0D4-0086EF8C39F0}.Debug|Any CPU.ActiveCfg = Debug|Any CPU
		{2EDD8D5C-2DE2-4AB6-B0D4-0086EF8C39F0}.Debug|Any CPU.Build.0 = Debug|Any CPU
		{2EDD8D5C-2DE2-4AB6-B0D4-0086EF8C39F0}.Release|Any CPU.ActiveCfg = Release|Any CPU
		{2EDD8D5C-2DE2-4AB6-B0D4-0086EF8C39F0}.Release|Any CPU.Build.0 = Release|Any CPU
		{24AEFDA8-BF41-4F6B-A4F6-759F21537B6C}.Debug|Any CPU.ActiveCfg = Debug|Any CPU
		{24AEFDA8-BF41-4F6B-A4F6-759F21537B6C}.Debug|Any CPU.Build.0 = Debug|Any CPU
		{24AEFDA8-BF41-4F6B-A4F6-759F21537B6C}.Release|Any CPU.ActiveCfg = Release|Any CPU
		{24AEFDA8-BF41-4F6B-A4F6-759F21537B6C}.Release|Any CPU.Build.0 = Release|Any CPU
		{F5BB3933-B745-4DCB-91D8-1F1BE35E1BAE}.Debug|Any CPU.ActiveCfg = Debug|Any CPU
		{F5BB3933-B745-4DCB-91D8-1F1BE35E1BAE}.Debug|Any CPU.Build.0 = Debug|Any CPU
		{F5BB3933-B745-4DCB-91D8-1F1BE35E1BAE}.Release|Any CPU.ActiveCfg = Release|Any CPU
		{F5BB3933-B745-4DCB-91D8-1F1BE35E1BAE}.Release|Any CPU.Build.0 = Release|Any CPU
		{B5182E58-208F-4D75-9BD5-123F039C0B7B}.Debug|Any CPU.ActiveCfg = Debug|Any CPU
		{B5182E58-208F-4D75-9BD5-123F039C0B7B}.Debug|Any CPU.Build.0 = Debug|Any CPU
		{B5182E58-208F-4D75-9BD5-123F039C0B7B}.Release|Any CPU.ActiveCfg = Release|Any CPU
		{B5182E58-208F-4D75-9BD5-123F039C0B7B}.Release|Any CPU.Build.0 = Release|Any CPU
		{CAEB0A02-B895-49B3-8B0A-6B81E3C39E2C}.Debug|Any CPU.ActiveCfg = Debug|Any CPU
		{CAEB0A02-B895-49B3-8B0A-6B81E3C39E2C}.Debug|Any CPU.Build.0 = Debug|Any CPU
		{CAEB0A02-B895-49B3-8B0A-6B81E3C39E2C}.Release|Any CPU.ActiveCfg = Release|Any CPU
		{CAEB0A02-B895-49B3-8B0A-6B81E3C39E2C}.Release|Any CPU.Build.0 = Release|Any CPU
		{C9505E19-258C-4F50-B99D-BA1F7F6F0D3E}.Debug|Any CPU.ActiveCfg = Debug|Any CPU
		{C9505E19-258C-4F50-B99D-BA1F7F6F0D3E}.Debug|Any CPU.Build.0 = Debug|Any CPU
		{C9505E19-258C-4F50-B99D-BA1F7F6F0D3E}.Release|Any CPU.ActiveCfg = Release|Any CPU
		{C9505E19-258C-4F50-B99D-BA1F7F6F0D3E}.Release|Any CPU.Build.0 = Release|Any CPU
		{22EAC366-E4A6-4223-8EC4-2259C6F20D1A}.Debug|Any CPU.ActiveCfg = Debug|Any CPU
		{22EAC366-E4A6-4223-8EC4-2259C6F20D1A}.Debug|Any CPU.Build.0 = Debug|Any CPU
		{22EAC366-E4A6-4223-8EC4-2259C6F20D1A}.Release|Any CPU.ActiveCfg = Release|Any CPU
		{22EAC366-E4A6-4223-8EC4-2259C6F20D1A}.Release|Any CPU.Build.0 = Release|Any CPU
		{52269AC8-3ECB-469F-A22F-6A2CD73CAC67}.Debug|Any CPU.ActiveCfg = Debug|Any CPU
		{52269AC8-3ECB-469F-A22F-6A2CD73CAC67}.Debug|Any CPU.Build.0 = Debug|Any CPU
		{52269AC8-3ECB-469F-A22F-6A2CD73CAC67}.Release|Any CPU.ActiveCfg = Release|Any CPU
		{52269AC8-3ECB-469F-A22F-6A2CD73CAC67}.Release|Any CPU.Build.0 = Release|Any CPU
		{B3C3F18D-B124-4D24-A553-D96BE56F2B2B}.Debug|Any CPU.ActiveCfg = Debug|Any CPU
		{B3C3F18D-B124-4D24-A553-D96BE56F2B2B}.Debug|Any CPU.Build.0 = Debug|Any CPU
		{B3C3F18D-B124-4D24-A553-D96BE56F2B2B}.Release|Any CPU.ActiveCfg = Release|Any CPU
		{B3C3F18D-B124-4D24-A553-D96BE56F2B2B}.Release|Any CPU.Build.0 = Release|Any CPU
		{8A379018-F05F-4FCD-8D86-8889DC5C371E}.Debug|Any CPU.ActiveCfg = Debug|Any CPU
		{8A379018-F05F-4FCD-8D86-8889DC5C371E}.Debug|Any CPU.Build.0 = Debug|Any CPU
		{8A379018-F05F-4FCD-8D86-8889DC5C371E}.Release|Any CPU.ActiveCfg = Release|Any CPU
		{8A379018-F05F-4FCD-8D86-8889DC5C371E}.Release|Any CPU.Build.0 = Release|Any CPU
		{D48EA7C6-2D2D-4E63-9E30-3BF9E76AA61A}.Debug|Any CPU.ActiveCfg = Debug|Any CPU
		{D48EA7C6-2D2D-4E63-9E30-3BF9E76AA61A}.Debug|Any CPU.Build.0 = Debug|Any CPU
		{D48EA7C6-2D2D-4E63-9E30-3BF9E76AA61A}.Release|Any CPU.ActiveCfg = Release|Any CPU
		{D48EA7C6-2D2D-4E63-9E30-3BF9E76AA61A}.Release|Any CPU.Build.0 = Release|Any CPU
		{69FB59FC-3444-4E69-BF27-60A85227690B}.Debug|Any CPU.ActiveCfg = Debug|Any CPU
		{69FB59FC-3444-4E69-BF27-60A85227690B}.Debug|Any CPU.Build.0 = Debug|Any CPU
		{69FB59FC-3444-4E69-BF27-60A85227690B}.Release|Any CPU.ActiveCfg = Release|Any CPU
		{69FB59FC-3444-4E69-BF27-60A85227690B}.Release|Any CPU.Build.0 = Release|Any CPU
		{4A6D5298-D5DB-420B-BC4E-AE3E1CBC346E}.Debug|Any CPU.ActiveCfg = Debug|Any CPU
		{4A6D5298-D5DB-420B-BC4E-AE3E1CBC346E}.Debug|Any CPU.Build.0 = Debug|Any CPU
		{4A6D5298-D5DB-420B-BC4E-AE3E1CBC346E}.Release|Any CPU.ActiveCfg = Release|Any CPU
		{4A6D5298-D5DB-420B-BC4E-AE3E1CBC346E}.Release|Any CPU.Build.0 = Release|Any CPU
		{5DBEDE8D-9E7D-4A59-81CB-7828B05B05D3}.Debug|Any CPU.ActiveCfg = Debug|Any CPU
		{5DBEDE8D-9E7D-4A59-81CB-7828B05B05D3}.Debug|Any CPU.Build.0 = Debug|Any CPU
		{5DBEDE8D-9E7D-4A59-81CB-7828B05B05D3}.Release|Any CPU.ActiveCfg = Release|Any CPU
		{5DBEDE8D-9E7D-4A59-81CB-7828B05B05D3}.Release|Any CPU.Build.0 = Release|Any CPU
		{2A5C7D1B-C3E1-49A9-BE4E-96C991A21F4A}.Debug|Any CPU.ActiveCfg = Debug|Any CPU
		{2A5C7D1B-C3E1-49A9-BE4E-96C991A21F4A}.Debug|Any CPU.Build.0 = Debug|Any CPU
		{2A5C7D1B-C3E1-49A9-BE4E-96C991A21F4A}.Release|Any CPU.ActiveCfg = Release|Any CPU
		{2A5C7D1B-C3E1-49A9-BE4E-96C991A21F4A}.Release|Any CPU.Build.0 = Release|Any CPU
		{BADDD6C7-560B-4AEA-A477-DF798A5C733E}.Debug|Any CPU.ActiveCfg = Debug|Any CPU
		{BADDD6C7-560B-4AEA-A477-DF798A5C733E}.Debug|Any CPU.Build.0 = Debug|Any CPU
		{BADDD6C7-560B-4AEA-A477-DF798A5C733E}.Release|Any CPU.ActiveCfg = Release|Any CPU
		{BADDD6C7-560B-4AEA-A477-DF798A5C733E}.Release|Any CPU.Build.0 = Release|Any CPU
		{4943768C-3FC8-4E3A-913F-1B627358F5CD}.Debug|Any CPU.ActiveCfg = Debug|Any CPU
		{4943768C-3FC8-4E3A-913F-1B627358F5CD}.Debug|Any CPU.Build.0 = Debug|Any CPU
		{4943768C-3FC8-4E3A-913F-1B627358F5CD}.Release|Any CPU.ActiveCfg = Release|Any CPU
		{4943768C-3FC8-4E3A-913F-1B627358F5CD}.Release|Any CPU.Build.0 = Release|Any CPU
		{76DE4846-F6E4-4C6F-A201-79728A91359A}.Debug|Any CPU.ActiveCfg = Debug|Any CPU
		{76DE4846-F6E4-4C6F-A201-79728A91359A}.Debug|Any CPU.Build.0 = Debug|Any CPU
		{76DE4846-F6E4-4C6F-A201-79728A91359A}.Release|Any CPU.ActiveCfg = Release|Any CPU
		{76DE4846-F6E4-4C6F-A201-79728A91359A}.Release|Any CPU.Build.0 = Release|Any CPU
		{E4A4177D-BEB3-4908-90A2-34B6DE3669D6}.Debug|Any CPU.ActiveCfg = Debug|Any CPU
		{E4A4177D-BEB3-4908-90A2-34B6DE3669D6}.Debug|Any CPU.Build.0 = Debug|Any CPU
		{E4A4177D-BEB3-4908-90A2-34B6DE3669D6}.Release|Any CPU.ActiveCfg = Release|Any CPU
		{E4A4177D-BEB3-4908-90A2-34B6DE3669D6}.Release|Any CPU.Build.0 = Release|Any CPU
		{6244C785-91FF-4327-9DB8-4EA11C8BB918}.Debug|Any CPU.ActiveCfg = Debug|Any CPU
		{6244C785-91FF-4327-9DB8-4EA11C8BB918}.Debug|Any CPU.Build.0 = Debug|Any CPU
		{6244C785-91FF-4327-9DB8-4EA11C8BB918}.Release|Any CPU.ActiveCfg = Release|Any CPU
		{6244C785-91FF-4327-9DB8-4EA11C8BB918}.Release|Any CPU.Build.0 = Release|Any CPU
		{D8C5F816-3064-467E-BA53-642949243151}.Debug|Any CPU.ActiveCfg = Debug|Any CPU
		{D8C5F816-3064-467E-BA53-642949243151}.Debug|Any CPU.Build.0 = Debug|Any CPU
		{D8C5F816-3064-467E-BA53-642949243151}.Release|Any CPU.ActiveCfg = Release|Any CPU
		{D8C5F816-3064-467E-BA53-642949243151}.Release|Any CPU.Build.0 = Release|Any CPU
		{94FC2471-1CE4-4E3B-95A2-0127AD92CC97}.Debug|Any CPU.ActiveCfg = Debug|Any CPU
		{94FC2471-1CE4-4E3B-95A2-0127AD92CC97}.Debug|Any CPU.Build.0 = Debug|Any CPU
		{94FC2471-1CE4-4E3B-95A2-0127AD92CC97}.Release|Any CPU.ActiveCfg = Release|Any CPU
		{94FC2471-1CE4-4E3B-95A2-0127AD92CC97}.Release|Any CPU.Build.0 = Release|Any CPU
		{B74C2F4B-8316-46B4-BE81-25F59730971A}.Debug|Any CPU.ActiveCfg = Debug|Any CPU
		{B74C2F4B-8316-46B4-BE81-25F59730971A}.Debug|Any CPU.Build.0 = Debug|Any CPU
		{B74C2F4B-8316-46B4-BE81-25F59730971A}.Release|Any CPU.ActiveCfg = Release|Any CPU
		{B74C2F4B-8316-46B4-BE81-25F59730971A}.Release|Any CPU.Build.0 = Release|Any CPU
		{E0B4CF27-44D5-4458-967A-9925F1B1B7B5}.Debug|Any CPU.ActiveCfg = Debug|Any CPU
		{E0B4CF27-44D5-4458-967A-9925F1B1B7B5}.Debug|Any CPU.Build.0 = Debug|Any CPU
		{E0B4CF27-44D5-4458-967A-9925F1B1B7B5}.Release|Any CPU.ActiveCfg = Release|Any CPU
		{E0B4CF27-44D5-4458-967A-9925F1B1B7B5}.Release|Any CPU.Build.0 = Release|Any CPU
		{D44257D3-66C4-4374-BE2C-A091F49137A2}.Debug|Any CPU.ActiveCfg = Debug|Any CPU
		{D44257D3-66C4-4374-BE2C-A091F49137A2}.Debug|Any CPU.Build.0 = Debug|Any CPU
		{D44257D3-66C4-4374-BE2C-A091F49137A2}.Release|Any CPU.ActiveCfg = Release|Any CPU
		{D44257D3-66C4-4374-BE2C-A091F49137A2}.Release|Any CPU.Build.0 = Release|Any CPU
		{5A3CF2DB-181E-4573-A67C-AFDCBB90B5ED}.Debug|Any CPU.ActiveCfg = Debug|Any CPU
		{5A3CF2DB-181E-4573-A67C-AFDCBB90B5ED}.Debug|Any CPU.Build.0 = Debug|Any CPU
		{5A3CF2DB-181E-4573-A67C-AFDCBB90B5ED}.Release|Any CPU.ActiveCfg = Release|Any CPU
		{5A3CF2DB-181E-4573-A67C-AFDCBB90B5ED}.Release|Any CPU.Build.0 = Release|Any CPU
		{91BD9F10-A007-4902-85C5-276309B23A24}.Debug|Any CPU.ActiveCfg = Debug|Any CPU
		{91BD9F10-A007-4902-85C5-276309B23A24}.Debug|Any CPU.Build.0 = Debug|Any CPU
		{91BD9F10-A007-4902-85C5-276309B23A24}.Release|Any CPU.ActiveCfg = Release|Any CPU
		{91BD9F10-A007-4902-85C5-276309B23A24}.Release|Any CPU.Build.0 = Release|Any CPU
		{73B76BB2-982E-4AE0-B910-249DD5AF7AD5}.Debug|Any CPU.ActiveCfg = Debug|Any CPU
		{73B76BB2-982E-4AE0-B910-249DD5AF7AD5}.Debug|Any CPU.Build.0 = Debug|Any CPU
		{73B76BB2-982E-4AE0-B910-249DD5AF7AD5}.Release|Any CPU.ActiveCfg = Release|Any CPU
		{73B76BB2-982E-4AE0-B910-249DD5AF7AD5}.Release|Any CPU.Build.0 = Release|Any CPU
		{D5C53922-B8D8-4B25-9466-792D7FB2688F}.Debug|Any CPU.ActiveCfg = Debug|Any CPU
		{D5C53922-B8D8-4B25-9466-792D7FB2688F}.Debug|Any CPU.Build.0 = Debug|Any CPU
		{D5C53922-B8D8-4B25-9466-792D7FB2688F}.Release|Any CPU.ActiveCfg = Release|Any CPU
		{D5C53922-B8D8-4B25-9466-792D7FB2688F}.Release|Any CPU.Build.0 = Release|Any CPU
		{B41E5CDA-A272-471F-AE21-E2479DA025EB}.Debug|Any CPU.ActiveCfg = Debug|Any CPU
		{B41E5CDA-A272-471F-AE21-E2479DA025EB}.Debug|Any CPU.Build.0 = Debug|Any CPU
		{B41E5CDA-A272-471F-AE21-E2479DA025EB}.Release|Any CPU.ActiveCfg = Release|Any CPU
		{B41E5CDA-A272-471F-AE21-E2479DA025EB}.Release|Any CPU.Build.0 = Release|Any CPU
		{DDD28A94-B16B-49B4-84CA-85DAEC326744}.Debug|Any CPU.ActiveCfg = Debug|Any CPU
		{DDD28A94-B16B-49B4-84CA-85DAEC326744}.Debug|Any CPU.Build.0 = Debug|Any CPU
		{DDD28A94-B16B-49B4-84CA-85DAEC326744}.Release|Any CPU.ActiveCfg = Release|Any CPU
		{DDD28A94-B16B-49B4-84CA-85DAEC326744}.Release|Any CPU.Build.0 = Release|Any CPU
		{43E6F4F9-5152-4E48-AF94-20B08BEC6D43}.Debug|Any CPU.ActiveCfg = Debug|Any CPU
		{43E6F4F9-5152-4E48-AF94-20B08BEC6D43}.Debug|Any CPU.Build.0 = Debug|Any CPU
		{43E6F4F9-5152-4E48-AF94-20B08BEC6D43}.Release|Any CPU.ActiveCfg = Release|Any CPU
		{43E6F4F9-5152-4E48-AF94-20B08BEC6D43}.Release|Any CPU.Build.0 = Release|Any CPU
		{A4748143-3EE2-4ACB-90ED-10B0F4E117B4}.Debug|Any CPU.ActiveCfg = Debug|Any CPU
		{A4748143-3EE2-4ACB-90ED-10B0F4E117B4}.Debug|Any CPU.Build.0 = Debug|Any CPU
		{A4748143-3EE2-4ACB-90ED-10B0F4E117B4}.Release|Any CPU.ActiveCfg = Release|Any CPU
		{A4748143-3EE2-4ACB-90ED-10B0F4E117B4}.Release|Any CPU.Build.0 = Release|Any CPU
		{4B19B1C6-2768-47C0-AD1F-D878381EF6CB}.Debug|Any CPU.ActiveCfg = Debug|Any CPU
		{4B19B1C6-2768-47C0-AD1F-D878381EF6CB}.Debug|Any CPU.Build.0 = Debug|Any CPU
		{4B19B1C6-2768-47C0-AD1F-D878381EF6CB}.Release|Any CPU.ActiveCfg = Release|Any CPU
		{4B19B1C6-2768-47C0-AD1F-D878381EF6CB}.Release|Any CPU.Build.0 = Release|Any CPU
		{9E9BA63F-697C-4D26-9CD2-D233A95897E7}.Debug|Any CPU.ActiveCfg = Debug|Any CPU
		{9E9BA63F-697C-4D26-9CD2-D233A95897E7}.Debug|Any CPU.Build.0 = Debug|Any CPU
		{9E9BA63F-697C-4D26-9CD2-D233A95897E7}.Release|Any CPU.ActiveCfg = Release|Any CPU
		{9E9BA63F-697C-4D26-9CD2-D233A95897E7}.Release|Any CPU.Build.0 = Release|Any CPU
		{2BB99D24-18C4-4AC6-A7D0-F435B13937F6}.Debug|Any CPU.ActiveCfg = Debug|Any CPU
		{2BB99D24-18C4-4AC6-A7D0-F435B13937F6}.Debug|Any CPU.Build.0 = Debug|Any CPU
		{2BB99D24-18C4-4AC6-A7D0-F435B13937F6}.Release|Any CPU.ActiveCfg = Release|Any CPU
		{2BB99D24-18C4-4AC6-A7D0-F435B13937F6}.Release|Any CPU.Build.0 = Release|Any CPU
		{46FEEB29-B599-4797-ABB6-06114F8D2B73}.Debug|Any CPU.ActiveCfg = Debug|Any CPU
		{46FEEB29-B599-4797-ABB6-06114F8D2B73}.Debug|Any CPU.Build.0 = Debug|Any CPU
		{46FEEB29-B599-4797-ABB6-06114F8D2B73}.Release|Any CPU.ActiveCfg = Release|Any CPU
		{46FEEB29-B599-4797-ABB6-06114F8D2B73}.Release|Any CPU.Build.0 = Release|Any CPU
		{721D29D0-67F7-4A2D-933F-1672BB0D232D}.Debug|Any CPU.ActiveCfg = Debug|Any CPU
		{721D29D0-67F7-4A2D-933F-1672BB0D232D}.Debug|Any CPU.Build.0 = Debug|Any CPU
		{721D29D0-67F7-4A2D-933F-1672BB0D232D}.Release|Any CPU.ActiveCfg = Release|Any CPU
		{721D29D0-67F7-4A2D-933F-1672BB0D232D}.Release|Any CPU.Build.0 = Release|Any CPU
		{BF7334A7-3500-47A8-B180-DEDD150772C2}.Debug|Any CPU.ActiveCfg = Debug|Any CPU
		{BF7334A7-3500-47A8-B180-DEDD150772C2}.Debug|Any CPU.Build.0 = Debug|Any CPU
		{BF7334A7-3500-47A8-B180-DEDD150772C2}.Release|Any CPU.ActiveCfg = Release|Any CPU
		{BF7334A7-3500-47A8-B180-DEDD150772C2}.Release|Any CPU.Build.0 = Release|Any CPU
		{B3948DA5-3733-43EC-83F0-BD2D05AC28C3}.Debug|Any CPU.ActiveCfg = Debug|Any CPU
		{B3948DA5-3733-43EC-83F0-BD2D05AC28C3}.Debug|Any CPU.Build.0 = Debug|Any CPU
		{B3948DA5-3733-43EC-83F0-BD2D05AC28C3}.Release|Any CPU.ActiveCfg = Release|Any CPU
		{B3948DA5-3733-43EC-83F0-BD2D05AC28C3}.Release|Any CPU.Build.0 = Release|Any CPU
		{15597D91-3E40-4EF4-AF71-E2A165A8A71E}.Debug|Any CPU.ActiveCfg = Debug|Any CPU
		{15597D91-3E40-4EF4-AF71-E2A165A8A71E}.Debug|Any CPU.Build.0 = Debug|Any CPU
		{15597D91-3E40-4EF4-AF71-E2A165A8A71E}.Release|Any CPU.ActiveCfg = Release|Any CPU
		{15597D91-3E40-4EF4-AF71-E2A165A8A71E}.Release|Any CPU.Build.0 = Release|Any CPU
		{77503158-E243-4BA4-BC10-A5108FB1AB97}.Debug|Any CPU.ActiveCfg = Debug|Any CPU
		{77503158-E243-4BA4-BC10-A5108FB1AB97}.Debug|Any CPU.Build.0 = Debug|Any CPU
		{77503158-E243-4BA4-BC10-A5108FB1AB97}.Release|Any CPU.ActiveCfg = Release|Any CPU
		{77503158-E243-4BA4-BC10-A5108FB1AB97}.Release|Any CPU.Build.0 = Release|Any CPU
		{CE8ED755-C583-4DEB-8781-685040B44773}.Debug|Any CPU.ActiveCfg = Debug|Any CPU
		{CE8ED755-C583-4DEB-8781-685040B44773}.Debug|Any CPU.Build.0 = Debug|Any CPU
		{CE8ED755-C583-4DEB-8781-685040B44773}.Release|Any CPU.ActiveCfg = Release|Any CPU
		{CE8ED755-C583-4DEB-8781-685040B44773}.Release|Any CPU.Build.0 = Release|Any CPU
		{AB8F4267-63B3-4391-BE09-DDE71B457819}.Debug|Any CPU.ActiveCfg = Debug|Any CPU
		{AB8F4267-63B3-4391-BE09-DDE71B457819}.Debug|Any CPU.Build.0 = Debug|Any CPU
		{AB8F4267-63B3-4391-BE09-DDE71B457819}.Release|Any CPU.ActiveCfg = Release|Any CPU
		{AB8F4267-63B3-4391-BE09-DDE71B457819}.Release|Any CPU.Build.0 = Release|Any CPU
		{DE01D552-8371-4410-9BC4-37195599842C}.Debug|Any CPU.ActiveCfg = Debug|Any CPU
		{DE01D552-8371-4410-9BC4-37195599842C}.Debug|Any CPU.Build.0 = Debug|Any CPU
		{DE01D552-8371-4410-9BC4-37195599842C}.Release|Any CPU.ActiveCfg = Release|Any CPU
		{DE01D552-8371-4410-9BC4-37195599842C}.Release|Any CPU.Build.0 = Release|Any CPU
		{E57B74AE-095C-4CE4-8DEA-BF62852F9393}.Debug|Any CPU.ActiveCfg = Debug|Any CPU
		{E57B74AE-095C-4CE4-8DEA-BF62852F9393}.Debug|Any CPU.Build.0 = Debug|Any CPU
		{E57B74AE-095C-4CE4-8DEA-BF62852F9393}.Release|Any CPU.ActiveCfg = Release|Any CPU
		{E57B74AE-095C-4CE4-8DEA-BF62852F9393}.Release|Any CPU.Build.0 = Release|Any CPU
		{FF182268-E055-4CB3-820C-013ED5FDC16A}.Debug|Any CPU.ActiveCfg = Debug|Any CPU
		{FF182268-E055-4CB3-820C-013ED5FDC16A}.Debug|Any CPU.Build.0 = Debug|Any CPU
		{FF182268-E055-4CB3-820C-013ED5FDC16A}.Release|Any CPU.ActiveCfg = Release|Any CPU
		{FF182268-E055-4CB3-820C-013ED5FDC16A}.Release|Any CPU.Build.0 = Release|Any CPU
		{54537B2B-431C-462B-9699-F0A8A3D05AC3}.Debug|Any CPU.ActiveCfg = Debug|Any CPU
		{54537B2B-431C-462B-9699-F0A8A3D05AC3}.Debug|Any CPU.Build.0 = Debug|Any CPU
		{54537B2B-431C-462B-9699-F0A8A3D05AC3}.Release|Any CPU.ActiveCfg = Release|Any CPU
		{54537B2B-431C-462B-9699-F0A8A3D05AC3}.Release|Any CPU.Build.0 = Release|Any CPU
		{0F7EF2E6-6D3F-47B7-805D-16D1BED7667C}.Debug|Any CPU.ActiveCfg = Debug|Any CPU
		{0F7EF2E6-6D3F-47B7-805D-16D1BED7667C}.Debug|Any CPU.Build.0 = Debug|Any CPU
		{0F7EF2E6-6D3F-47B7-805D-16D1BED7667C}.Release|Any CPU.ActiveCfg = Release|Any CPU
		{0F7EF2E6-6D3F-47B7-805D-16D1BED7667C}.Release|Any CPU.Build.0 = Release|Any CPU
		{932CCEC7-D861-40B5-BC95-A9F16F86DE10}.Debug|Any CPU.ActiveCfg = Debug|Any CPU
		{932CCEC7-D861-40B5-BC95-A9F16F86DE10}.Debug|Any CPU.Build.0 = Debug|Any CPU
		{932CCEC7-D861-40B5-BC95-A9F16F86DE10}.Release|Any CPU.ActiveCfg = Release|Any CPU
		{932CCEC7-D861-40B5-BC95-A9F16F86DE10}.Release|Any CPU.Build.0 = Release|Any CPU
		{2D853523-A0E5-43C0-A71F-6AEC50F15F7D}.Debug|Any CPU.ActiveCfg = Debug|Any CPU
		{2D853523-A0E5-43C0-A71F-6AEC50F15F7D}.Debug|Any CPU.Build.0 = Debug|Any CPU
		{2D853523-A0E5-43C0-A71F-6AEC50F15F7D}.Release|Any CPU.ActiveCfg = Release|Any CPU
		{2D853523-A0E5-43C0-A71F-6AEC50F15F7D}.Release|Any CPU.Build.0 = Release|Any CPU
		{A3F5BAF2-004F-4313-A0BD-88ED546B9BA2}.Debug|Any CPU.ActiveCfg = Debug|Any CPU
		{A3F5BAF2-004F-4313-A0BD-88ED546B9BA2}.Debug|Any CPU.Build.0 = Debug|Any CPU
		{A3F5BAF2-004F-4313-A0BD-88ED546B9BA2}.Release|Any CPU.ActiveCfg = Release|Any CPU
		{A3F5BAF2-004F-4313-A0BD-88ED546B9BA2}.Release|Any CPU.Build.0 = Release|Any CPU
		{276C883D-AD21-4C1A-BDB7-92BD309FBF71}.Debug|Any CPU.ActiveCfg = Debug|Any CPU
		{276C883D-AD21-4C1A-BDB7-92BD309FBF71}.Debug|Any CPU.Build.0 = Debug|Any CPU
		{276C883D-AD21-4C1A-BDB7-92BD309FBF71}.Release|Any CPU.ActiveCfg = Release|Any CPU
		{276C883D-AD21-4C1A-BDB7-92BD309FBF71}.Release|Any CPU.Build.0 = Release|Any CPU
		{9DC13AB8-3D22-4E4A-9216-0288240C2662}.Debug|Any CPU.ActiveCfg = Debug|Any CPU
		{9DC13AB8-3D22-4E4A-9216-0288240C2662}.Debug|Any CPU.Build.0 = Debug|Any CPU
		{9DC13AB8-3D22-4E4A-9216-0288240C2662}.Release|Any CPU.ActiveCfg = Release|Any CPU
		{9DC13AB8-3D22-4E4A-9216-0288240C2662}.Release|Any CPU.Build.0 = Release|Any CPU
		{378817A7-D44C-4394-B034-42CB24E3016C}.Debug|Any CPU.ActiveCfg = Debug|Any CPU
		{378817A7-D44C-4394-B034-42CB24E3016C}.Debug|Any CPU.Build.0 = Debug|Any CPU
		{378817A7-D44C-4394-B034-42CB24E3016C}.Release|Any CPU.ActiveCfg = Release|Any CPU
		{378817A7-D44C-4394-B034-42CB24E3016C}.Release|Any CPU.Build.0 = Release|Any CPU
		{DEEE5E35-5FC7-4218-BFD4-EC7A51E3C967}.Debug|Any CPU.ActiveCfg = Debug|Any CPU
		{DEEE5E35-5FC7-4218-BFD4-EC7A51E3C967}.Debug|Any CPU.Build.0 = Debug|Any CPU
		{DEEE5E35-5FC7-4218-BFD4-EC7A51E3C967}.Release|Any CPU.ActiveCfg = Release|Any CPU
		{DEEE5E35-5FC7-4218-BFD4-EC7A51E3C967}.Release|Any CPU.Build.0 = Release|Any CPU
		{73B24CF0-8770-434E-AD19-3A167ABDE259}.Debug|Any CPU.ActiveCfg = Debug|Any CPU
		{73B24CF0-8770-434E-AD19-3A167ABDE259}.Debug|Any CPU.Build.0 = Debug|Any CPU
		{73B24CF0-8770-434E-AD19-3A167ABDE259}.Release|Any CPU.ActiveCfg = Release|Any CPU
		{73B24CF0-8770-434E-AD19-3A167ABDE259}.Release|Any CPU.Build.0 = Release|Any CPU
		{214B82D8-5AA2-42C2-818A-9CE1A7E3E34D}.Debug|Any CPU.ActiveCfg = Debug|Any CPU
		{214B82D8-5AA2-42C2-818A-9CE1A7E3E34D}.Debug|Any CPU.Build.0 = Debug|Any CPU
		{214B82D8-5AA2-42C2-818A-9CE1A7E3E34D}.Release|Any CPU.ActiveCfg = Release|Any CPU
		{214B82D8-5AA2-42C2-818A-9CE1A7E3E34D}.Release|Any CPU.Build.0 = Release|Any CPU
		{6DC1BE31-7560-409B-BEE2-F8CD6F01665E}.Debug|Any CPU.ActiveCfg = Debug|Any CPU
		{6DC1BE31-7560-409B-BEE2-F8CD6F01665E}.Debug|Any CPU.Build.0 = Debug|Any CPU
		{6DC1BE31-7560-409B-BEE2-F8CD6F01665E}.Release|Any CPU.ActiveCfg = Release|Any CPU
		{6DC1BE31-7560-409B-BEE2-F8CD6F01665E}.Release|Any CPU.Build.0 = Release|Any CPU
		{B1A18578-F8A8-4004-A48D-9169E30D3430}.Debug|Any CPU.ActiveCfg = Debug|Any CPU
		{B1A18578-F8A8-4004-A48D-9169E30D3430}.Debug|Any CPU.Build.0 = Debug|Any CPU
		{B1A18578-F8A8-4004-A48D-9169E30D3430}.Release|Any CPU.ActiveCfg = Release|Any CPU
		{B1A18578-F8A8-4004-A48D-9169E30D3430}.Release|Any CPU.Build.0 = Release|Any CPU
		{AC298EE3-9F0E-428F-ABFD-935AB84D6DCE}.Debug|Any CPU.ActiveCfg = Debug|Any CPU
		{AC298EE3-9F0E-428F-ABFD-935AB84D6DCE}.Debug|Any CPU.Build.0 = Debug|Any CPU
		{AC298EE3-9F0E-428F-ABFD-935AB84D6DCE}.Release|Any CPU.ActiveCfg = Release|Any CPU
		{AC298EE3-9F0E-428F-ABFD-935AB84D6DCE}.Release|Any CPU.Build.0 = Release|Any CPU
		{CC6328F8-DBD2-4981-807F-0724D9169F7C}.Debug|Any CPU.ActiveCfg = Debug|Any CPU
		{CC6328F8-DBD2-4981-807F-0724D9169F7C}.Debug|Any CPU.Build.0 = Debug|Any CPU
		{CC6328F8-DBD2-4981-807F-0724D9169F7C}.Release|Any CPU.ActiveCfg = Release|Any CPU
		{CC6328F8-DBD2-4981-807F-0724D9169F7C}.Release|Any CPU.Build.0 = Release|Any CPU
		{63E28669-F6BF-4619-9B58-DB7BD783324A}.Debug|Any CPU.ActiveCfg = Debug|Any CPU
		{63E28669-F6BF-4619-9B58-DB7BD783324A}.Debug|Any CPU.Build.0 = Debug|Any CPU
		{63E28669-F6BF-4619-9B58-DB7BD783324A}.Release|Any CPU.ActiveCfg = Release|Any CPU
		{63E28669-F6BF-4619-9B58-DB7BD783324A}.Release|Any CPU.Build.0 = Release|Any CPU
		{1EA7AC20-9986-45F7-A02F-F1A883FB5860}.Debug|Any CPU.ActiveCfg = Debug|Any CPU
		{1EA7AC20-9986-45F7-A02F-F1A883FB5860}.Debug|Any CPU.Build.0 = Debug|Any CPU
		{1EA7AC20-9986-45F7-A02F-F1A883FB5860}.Release|Any CPU.ActiveCfg = Release|Any CPU
		{1EA7AC20-9986-45F7-A02F-F1A883FB5860}.Release|Any CPU.Build.0 = Release|Any CPU
		{5432405C-922E-48E2-B621-806945A0763D}.Debug|Any CPU.ActiveCfg = Debug|Any CPU
		{5432405C-922E-48E2-B621-806945A0763D}.Debug|Any CPU.Build.0 = Debug|Any CPU
		{5432405C-922E-48E2-B621-806945A0763D}.Release|Any CPU.ActiveCfg = Release|Any CPU
		{5432405C-922E-48E2-B621-806945A0763D}.Release|Any CPU.Build.0 = Release|Any CPU
		{BFF7E8AE-2F38-465D-B102-7776C8BBBB8B}.Debug|Any CPU.ActiveCfg = Debug|Any CPU
		{BFF7E8AE-2F38-465D-B102-7776C8BBBB8B}.Debug|Any CPU.Build.0 = Debug|Any CPU
		{BFF7E8AE-2F38-465D-B102-7776C8BBBB8B}.Release|Any CPU.ActiveCfg = Release|Any CPU
		{BFF7E8AE-2F38-465D-B102-7776C8BBBB8B}.Release|Any CPU.Build.0 = Release|Any CPU
		{350BD211-6B94-4D5D-97DF-91AE491C655A}.Debug|Any CPU.ActiveCfg = Debug|Any CPU
		{350BD211-6B94-4D5D-97DF-91AE491C655A}.Debug|Any CPU.Build.0 = Debug|Any CPU
		{350BD211-6B94-4D5D-97DF-91AE491C655A}.Release|Any CPU.ActiveCfg = Release|Any CPU
		{350BD211-6B94-4D5D-97DF-91AE491C655A}.Release|Any CPU.Build.0 = Release|Any CPU
		{32B5302C-0679-4531-85E8-5D7560865A17}.Debug|Any CPU.ActiveCfg = Debug|Any CPU
		{32B5302C-0679-4531-85E8-5D7560865A17}.Debug|Any CPU.Build.0 = Debug|Any CPU
		{32B5302C-0679-4531-85E8-5D7560865A17}.Release|Any CPU.ActiveCfg = Release|Any CPU
		{32B5302C-0679-4531-85E8-5D7560865A17}.Release|Any CPU.Build.0 = Release|Any CPU
		{3D5BDE51-B0C4-4491-A03C-BC45390E2F97}.Debug|Any CPU.ActiveCfg = Debug|Any CPU
		{3D5BDE51-B0C4-4491-A03C-BC45390E2F97}.Debug|Any CPU.Build.0 = Debug|Any CPU
		{3D5BDE51-B0C4-4491-A03C-BC45390E2F97}.Release|Any CPU.ActiveCfg = Release|Any CPU
		{3D5BDE51-B0C4-4491-A03C-BC45390E2F97}.Release|Any CPU.Build.0 = Release|Any CPU
		{A710294A-6B17-49DA-9069-16B34590FA51}.Debug|Any CPU.ActiveCfg = Debug|Any CPU
		{A710294A-6B17-49DA-9069-16B34590FA51}.Debug|Any CPU.Build.0 = Debug|Any CPU
		{A710294A-6B17-49DA-9069-16B34590FA51}.Release|Any CPU.ActiveCfg = Release|Any CPU
		{A710294A-6B17-49DA-9069-16B34590FA51}.Release|Any CPU.Build.0 = Release|Any CPU
		{81BAD0D1-14E3-4B8F-B50D-DC57BAD3CFB5}.Debug|Any CPU.ActiveCfg = Debug|Any CPU
		{81BAD0D1-14E3-4B8F-B50D-DC57BAD3CFB5}.Debug|Any CPU.Build.0 = Debug|Any CPU
		{81BAD0D1-14E3-4B8F-B50D-DC57BAD3CFB5}.Release|Any CPU.ActiveCfg = Release|Any CPU
		{81BAD0D1-14E3-4B8F-B50D-DC57BAD3CFB5}.Release|Any CPU.Build.0 = Release|Any CPU
		{1D1F91EA-2405-46B0-A451-85104C8C561E}.Debug|Any CPU.ActiveCfg = Debug|Any CPU
		{1D1F91EA-2405-46B0-A451-85104C8C561E}.Debug|Any CPU.Build.0 = Debug|Any CPU
		{1D1F91EA-2405-46B0-A451-85104C8C561E}.Release|Any CPU.ActiveCfg = Release|Any CPU
		{1D1F91EA-2405-46B0-A451-85104C8C561E}.Release|Any CPU.Build.0 = Release|Any CPU
		{2A09842F-5CE4-46E9-9633-34B676E62A1E}.Debug|Any CPU.ActiveCfg = Debug|Any CPU
		{2A09842F-5CE4-46E9-9633-34B676E62A1E}.Debug|Any CPU.Build.0 = Debug|Any CPU
		{2A09842F-5CE4-46E9-9633-34B676E62A1E}.Release|Any CPU.ActiveCfg = Release|Any CPU
		{2A09842F-5CE4-46E9-9633-34B676E62A1E}.Release|Any CPU.Build.0 = Release|Any CPU
		{5513ED2A-D125-4CA6-B37B-EB4C51BBFC8B}.Debug|Any CPU.ActiveCfg = Debug|Any CPU
		{5513ED2A-D125-4CA6-B37B-EB4C51BBFC8B}.Debug|Any CPU.Build.0 = Debug|Any CPU
		{5513ED2A-D125-4CA6-B37B-EB4C51BBFC8B}.Release|Any CPU.ActiveCfg = Release|Any CPU
		{5513ED2A-D125-4CA6-B37B-EB4C51BBFC8B}.Release|Any CPU.Build.0 = Release|Any CPU
	EndGlobalSection
	GlobalSection(SolutionProperties) = preSolution
		HideSolutionNode = FALSE
	EndGlobalSection
	GlobalSection(ExtensibilityGlobals) = postSolution
		SolutionGuid = {CD743DF8-341D-49C4-A4DA-6CF4EF4363B1}
	EndGlobalSection
EndGlobal
